
Microsoft Visual Studio Solution File, Format Version 12.00
# Visual Studio 2013
VisualStudioVersion = 12.0.30723.0
MinimumVisualStudioVersion = 10.0.40219.1
Project("{2150E333-8FDC-42A3-9474-1A3956D46DE8}") = "Gscoy.Common", "Gscoy.Common", "{6FFE8977-CB9A-43B4-BA23-B29A3C456EB1}"
EndProject
Project("{FAE04EC0-301F-11D3-BF4B-00C04F79EFBC}") = "Gscoy.Common", "Gscoy.Common\Gscoy.Common.csproj", "{267B9F2E-4510-4F62-9291-7173D1ED62CA}"
EndProject
Project("{2150E333-8FDC-42A3-9474-1A3956D46DE8}") = "Gscoy.Document", "Gscoy.Document", "{C6C5AD7C-9233-4BA3-A1D9-CE66F8435BF1}"
EndProject
Project("{FAE04EC0-301F-11D3-BF4B-00C04F79EFBC}") = "Gscoy.Document", "Gscoy.Document\Gscoy.Document.csproj", "{BC81A57A-55FD-4C23-A671-E17E69BF09E8}"
EndProject
Project("{FAE04EC0-301F-11D3-BF4B-00C04F79EFBC}") = "Gscoy.Cache", "Gscoy.Cache\Gscoy.Cache.csproj", "{C05B28AD-E83C-4213-9367-37FA0D0C0AF9}"
	ProjectSection(ProjectDependencies) = postProject
		{267B9F2E-4510-4F62-9291-7173D1ED62CA} = {267B9F2E-4510-4F62-9291-7173D1ED62CA}
		{F144647B-9CC4-48B8-BD1F-09A99491DA83} = {F144647B-9CC4-48B8-BD1F-09A99491DA83}
	EndProjectSection
EndProject
Project("{FAE04EC0-301F-11D3-BF4B-00C04F79EFBC}") = "Gscoy.Common.Web", "Gscoy.Common.Web\Gscoy.Common.Web.csproj", "{F144647B-9CC4-48B8-BD1F-09A99491DA83}"
EndProject
Project("{FAE04EC0-301F-11D3-BF4B-00C04F79EFBC}") = "Gscoy.WebUI", "Gscoy.WebUI\Gscoy.WebUI.csproj", "{882B8B3D-3FCA-46B8-B3B2-C73DD2911E3C}"
EndProject
Project("{2150E333-8FDC-42A3-9474-1A3956D46DE8}") = "Gscoy.UI", "Gscoy.UI", "{FC9C1097-25A6-4434-9114-FBD1F73D6BAB}"
EndProject
Project("{2150E333-8FDC-42A3-9474-1A3956D46DE8}") = "Gscoy.Biz", "Gscoy.Biz", "{E4E4E6DE-7501-4F76-8C7A-8774190CF466}"
EndProject
Project("{2150E333-8FDC-42A3-9474-1A3956D46DE8}") = "Gscoy.Data", "Gscoy.Data", "{10BE5296-B0B3-41FD-9BB8-678275BC4953}"
EndProject
Project("{2150E333-8FDC-42A3-9474-1A3956D46DE8}") = "Gscoy.Model", "Gscoy.Model", "{E8FEB97B-5889-4DC0-AF5B-9C41013812D2}"
EndProject
Project("{FAE04EC0-301F-11D3-BF4B-00C04F79EFBC}") = "Gscoy.WeChat.Model", "Gscoy.WeChat.Model\Gscoy.WeChat.Model.csproj", "{844EF35E-2E68-4B2D-B4C3-DC47159CCBEA}"
	ProjectSection(ProjectDependencies) = postProject
		{F144647B-9CC4-48B8-BD1F-09A99491DA83} = {F144647B-9CC4-48B8-BD1F-09A99491DA83}
	EndProjectSection
EndProject
Project("{2150E333-8FDC-42A3-9474-1A3956D46DE8}") = "Gscoy.TestCollection", "Gscoy.TestCollection", "{4964EC93-C916-4149-BE37-63E4F9FBE18D}"
EndProject
Project("{FAE04EC0-301F-11D3-BF4B-00C04F79EFBC}") = "Gscoy.MVCUI", "Gscoy.MVCUI\Gscoy.MVCUI.csproj", "{ADD49AF2-B85D-4828-893B-7FDF0CB78ED0}"
EndProject
Project("{FAE04EC0-301F-11D3-BF4B-00C04F79EFBC}") = "Gscoy.MVCUI.Tests", "Gscoy.MVCUI.Tests\Gscoy.MVCUI.Tests.csproj", "{455018BD-356D-4692-B3D6-03188B11F6BA}"
EndProject
Project("{FAE04EC0-301F-11D3-BF4B-00C04F79EFBC}") = "Gscoy.UnitTest", "Gscoy.UnitTest\Gscoy.UnitTest.csproj", "{128EDA76-C4DA-4AF8-AE77-5BEEE4D924D7}"
EndProject
Project("{FAE04EC0-301F-11D3-BF4B-00C04F79EFBC}") = "Gscoy.Service", "Gscoy.Service\Gscoy.Service.csproj", "{409CFF35-7E3F-4D3E-8513-BECAF284128C}"
EndProject
Project("{FAE04EC0-301F-11D3-BF4B-00C04F79EFBC}") = "Gscoy.DataModel", "Gscoy.DataModel\Gscoy.DataModel.csproj", "{43B1FD6D-9D96-4F78-BB19-63BB9534DF9B}"
	ProjectSection(ProjectDependencies) = postProject
		{267B9F2E-4510-4F62-9291-7173D1ED62CA} = {267B9F2E-4510-4F62-9291-7173D1ED62CA}
		{F144647B-9CC4-48B8-BD1F-09A99491DA83} = {F144647B-9CC4-48B8-BD1F-09A99491DA83}
	EndProjectSection
EndProject
Project("{FAE04EC0-301F-11D3-BF4B-00C04F79EFBC}") = "Gscoy.WeChat.Biz", "Gscoy.WeChat.Biz\Gscoy.WeChat.Biz.csproj", "{B14FC6D8-8263-42EB-A282-AFF728318081}"
	ProjectSection(ProjectDependencies) = postProject
		{EBD8613A-ED59-419F-917B-A328EA77278E} = {EBD8613A-ED59-419F-917B-A328EA77278E}
	EndProjectSection
EndProject
Project("{FAE04EC0-301F-11D3-BF4B-00C04F79EFBC}") = "Gscoy.Biz", "Gscoy.Biz\Gscoy.Biz.csproj", "{742CCA35-2578-4DAD-9EDA-A275560973FF}"
	ProjectSection(ProjectDependencies) = postProject
		{267B9F2E-4510-4F62-9291-7173D1ED62CA} = {267B9F2E-4510-4F62-9291-7173D1ED62CA}
		{5F604C31-E82B-4DB2-9702-B63254289CB7} = {5F604C31-E82B-4DB2-9702-B63254289CB7}
		{409CFF35-7E3F-4D3E-8513-BECAF284128C} = {409CFF35-7E3F-4D3E-8513-BECAF284128C}
		{43B1FD6D-9D96-4F78-BB19-63BB9534DF9B} = {43B1FD6D-9D96-4F78-BB19-63BB9534DF9B}
		{F144647B-9CC4-48B8-BD1F-09A99491DA83} = {F144647B-9CC4-48B8-BD1F-09A99491DA83}
		{ED66258C-9A53-4A31-BC6A-72D8A2B858B9} = {ED66258C-9A53-4A31-BC6A-72D8A2B858B9}
		{C05B28AD-E83C-4213-9367-37FA0D0C0AF9} = {C05B28AD-E83C-4213-9367-37FA0D0C0AF9}
	EndProjectSection
EndProject
Project("{FAE04EC0-301F-11D3-BF4B-00C04F79EFBC}") = "Gscoy.Data", "Gscoy.Data\Gscoy.Data.csproj", "{ED66258C-9A53-4A31-BC6A-72D8A2B858B9}"
EndProject
Project("{FAE04EC0-301F-11D3-BF4B-00C04F79EFBC}") = "Gscoy.WeChat.Data", "Gscoy.WeChat.Data\Gscoy.WeChat.Data.csproj", "{EBD8613A-ED59-419F-917B-A328EA77278E}"
	ProjectSection(ProjectDependencies) = postProject
		{267B9F2E-4510-4F62-9291-7173D1ED62CA} = {267B9F2E-4510-4F62-9291-7173D1ED62CA}
		{F144647B-9CC4-48B8-BD1F-09A99491DA83} = {F144647B-9CC4-48B8-BD1F-09A99491DA83}
		{C05B28AD-E83C-4213-9367-37FA0D0C0AF9} = {C05B28AD-E83C-4213-9367-37FA0D0C0AF9}
	EndProjectSection
EndProject
Project("{2150E333-8FDC-42A3-9474-1A3956D46DE8}") = "Gscoy.ORM", "Gscoy.ORM", "{CA03430E-D770-4FFE-9E4C-837EA9085769}"
EndProject
Project("{FAE04EC0-301F-11D3-BF4B-00C04F79EFBC}") = "Gscoy.Dapper", "Gscoy.Dapper\Gscoy.Dapper.csproj", "{5F604C31-E82B-4DB2-9702-B63254289CB7}"
	ProjectSection(ProjectDependencies) = postProject
		{267B9F2E-4510-4F62-9291-7173D1ED62CA} = {267B9F2E-4510-4F62-9291-7173D1ED62CA}
		{F144647B-9CC4-48B8-BD1F-09A99491DA83} = {F144647B-9CC4-48B8-BD1F-09A99491DA83}
	EndProjectSection
EndProject
Project("{FAE04EC0-301F-11D3-BF4B-00C04F79EFBC}") = "Gscoy.DapperExtension", "Gscoy.DapperExtension\Gscoy.DapperExtension.csproj", "{6B920B40-14A1-4F97-A721-AB415159EE06}"
EndProject
Project("{FAE04EC0-301F-11D3-BF4B-00C04F79EFBC}") = "Gscoy.Dapper.Data", "Gscoy.Dapper.Data\Gscoy.Dapper.Data.csproj", "{E694A871-7E8A-4074-A725-FD35B6CFA8D1}"
EndProject
Project("{FAE04EC0-301F-11D3-BF4B-00C04F79EFBC}") = "Gscoy.ConsoleUI", "Gscoy.ConsoleUI\Gscoy.ConsoleUI.csproj", "{578A88E6-D04D-41A7-9DFA-8C773B113B37}"
EndProject
Project("{FAE04EC0-301F-11D3-BF4B-00C04F79EFBC}") = "Gscoy.Mvc.MobileUI", "Gscoy.Mvc.MobileUI\Gscoy.Mvc.MobileUI.csproj", "{6C24F737-BD9F-44D7-B0F7-EB4190B1D1EF}"
EndProject
Global
	GlobalSection(SolutionConfigurationPlatforms) = preSolution
		Debug|Any CPU = Debug|Any CPU
		Release|Any CPU = Release|Any CPU
	EndGlobalSection
	GlobalSection(ProjectConfigurationPlatforms) = postSolution
		{267B9F2E-4510-4F62-9291-7173D1ED62CA}.Debug|Any CPU.ActiveCfg = Debug|Any CPU
		{267B9F2E-4510-4F62-9291-7173D1ED62CA}.Debug|Any CPU.Build.0 = Debug|Any CPU
		{267B9F2E-4510-4F62-9291-7173D1ED62CA}.Release|Any CPU.ActiveCfg = Release|Any CPU
		{267B9F2E-4510-4F62-9291-7173D1ED62CA}.Release|Any CPU.Build.0 = Release|Any CPU
		{BC81A57A-55FD-4C23-A671-E17E69BF09E8}.Debug|Any CPU.ActiveCfg = Debug|Any CPU
		{BC81A57A-55FD-4C23-A671-E17E69BF09E8}.Debug|Any CPU.Build.0 = Debug|Any CPU
		{BC81A57A-55FD-4C23-A671-E17E69BF09E8}.Release|Any CPU.ActiveCfg = Release|Any CPU
		{BC81A57A-55FD-4C23-A671-E17E69BF09E8}.Release|Any CPU.Build.0 = Release|Any CPU
		{C05B28AD-E83C-4213-9367-37FA0D0C0AF9}.Debug|Any CPU.ActiveCfg = Debug|Any CPU
		{C05B28AD-E83C-4213-9367-37FA0D0C0AF9}.Debug|Any CPU.Build.0 = Debug|Any CPU
		{C05B28AD-E83C-4213-9367-37FA0D0C0AF9}.Release|Any CPU.ActiveCfg = Release|Any CPU
		{C05B28AD-E83C-4213-9367-37FA0D0C0AF9}.Release|Any CPU.Build.0 = Release|Any CPU
		{F144647B-9CC4-48B8-BD1F-09A99491DA83}.Debug|Any CPU.ActiveCfg = Debug|Any CPU
		{F144647B-9CC4-48B8-BD1F-09A99491DA83}.Debug|Any CPU.Build.0 = Debug|Any CPU
		{F144647B-9CC4-48B8-BD1F-09A99491DA83}.Release|Any CPU.ActiveCfg = Release|Any CPU
		{F144647B-9CC4-48B8-BD1F-09A99491DA83}.Release|Any CPU.Build.0 = Release|Any CPU
		{882B8B3D-3FCA-46B8-B3B2-C73DD2911E3C}.Debug|Any CPU.ActiveCfg = Debug|Any CPU
		{882B8B3D-3FCA-46B8-B3B2-C73DD2911E3C}.Debug|Any CPU.Build.0 = Debug|Any CPU
		{882B8B3D-3FCA-46B8-B3B2-C73DD2911E3C}.Release|Any CPU.ActiveCfg = Release|Any CPU
		{882B8B3D-3FCA-46B8-B3B2-C73DD2911E3C}.Release|Any CPU.Build.0 = Release|Any CPU
		{844EF35E-2E68-4B2D-B4C3-DC47159CCBEA}.Debug|Any CPU.ActiveCfg = Debug|Any CPU
		{844EF35E-2E68-4B2D-B4C3-DC47159CCBEA}.Debug|Any CPU.Build.0 = Debug|Any CPU
		{844EF35E-2E68-4B2D-B4C3-DC47159CCBEA}.Release|Any CPU.ActiveCfg = Release|Any CPU
		{844EF35E-2E68-4B2D-B4C3-DC47159CCBEA}.Release|Any CPU.Build.0 = Release|Any CPU
		{ADD49AF2-B85D-4828-893B-7FDF0CB78ED0}.Debug|Any CPU.ActiveCfg = Debug|Any CPU
		{ADD49AF2-B85D-4828-893B-7FDF0CB78ED0}.Debug|Any CPU.Build.0 = Debug|Any CPU
		{ADD49AF2-B85D-4828-893B-7FDF0CB78ED0}.Release|Any CPU.ActiveCfg = Release|Any CPU
		{ADD49AF2-B85D-4828-893B-7FDF0CB78ED0}.Release|Any CPU.Build.0 = Release|Any CPU
		{455018BD-356D-4692-B3D6-03188B11F6BA}.Debug|Any CPU.ActiveCfg = Debug|Any CPU
		{455018BD-356D-4692-B3D6-03188B11F6BA}.Debug|Any CPU.Build.0 = Debug|Any CPU
		{455018BD-356D-4692-B3D6-03188B11F6BA}.Release|Any CPU.ActiveCfg = Release|Any CPU
		{455018BD-356D-4692-B3D6-03188B11F6BA}.Release|Any CPU.Build.0 = Release|Any CPU
		{128EDA76-C4DA-4AF8-AE77-5BEEE4D924D7}.Debug|Any CPU.ActiveCfg = Debug|Any CPU
		{128EDA76-C4DA-4AF8-AE77-5BEEE4D924D7}.Debug|Any CPU.Build.0 = Debug|Any CPU
		{128EDA76-C4DA-4AF8-AE77-5BEEE4D924D7}.Release|Any CPU.ActiveCfg = Release|Any CPU
		{128EDA76-C4DA-4AF8-AE77-5BEEE4D924D7}.Release|Any CPU.Build.0 = Release|Any CPU
		{409CFF35-7E3F-4D3E-8513-BECAF284128C}.Debug|Any CPU.ActiveCfg = Debug|Any CPU
		{409CFF35-7E3F-4D3E-8513-BECAF284128C}.Debug|Any CPU.Build.0 = Debug|Any CPU
		{409CFF35-7E3F-4D3E-8513-BECAF284128C}.Release|Any CPU.ActiveCfg = Release|Any CPU
		{409CFF35-7E3F-4D3E-8513-BECAF284128C}.Release|Any CPU.Build.0 = Release|Any CPU
		{43B1FD6D-9D96-4F78-BB19-63BB9534DF9B}.Debug|Any CPU.ActiveCfg = Debug|Any CPU
		{43B1FD6D-9D96-4F78-BB19-63BB9534DF9B}.Debug|Any CPU.Build.0 = Debug|Any CPU
		{43B1FD6D-9D96-4F78-BB19-63BB9534DF9B}.Release|Any CPU.ActiveCfg = Release|Any CPU
		{43B1FD6D-9D96-4F78-BB19-63BB9534DF9B}.Release|Any CPU.Build.0 = Release|Any CPU
		{B14FC6D8-8263-42EB-A282-AFF728318081}.Debug|Any CPU.ActiveCfg = Debug|Any CPU
		{B14FC6D8-8263-42EB-A282-AFF728318081}.Debug|Any CPU.Build.0 = Debug|Any CPU
		{B14FC6D8-8263-42EB-A282-AFF728318081}.Release|Any CPU.ActiveCfg = Release|Any CPU
		{B14FC6D8-8263-42EB-A282-AFF728318081}.Release|Any CPU.Build.0 = Release|Any CPU
		{742CCA35-2578-4DAD-9EDA-A275560973FF}.Debug|Any CPU.ActiveCfg = Debug|Any CPU
		{742CCA35-2578-4DAD-9EDA-A275560973FF}.Debug|Any CPU.Build.0 = Debug|Any CPU
		{742CCA35-2578-4DAD-9EDA-A275560973FF}.Release|Any CPU.ActiveCfg = Release|Any CPU
		{742CCA35-2578-4DAD-9EDA-A275560973FF}.Release|Any CPU.Build.0 = Release|Any CPU
		{ED66258C-9A53-4A31-BC6A-72D8A2B858B9}.Debug|Any CPU.ActiveCfg = Debug|Any CPU
		{ED66258C-9A53-4A31-BC6A-72D8A2B858B9}.Debug|Any CPU.Build.0 = Debug|Any CPU
		{ED66258C-9A53-4A31-BC6A-72D8A2B858B9}.Release|Any CPU.ActiveCfg = Release|Any CPU
		{ED66258C-9A53-4A31-BC6A-72D8A2B858B9}.Release|Any CPU.Build.0 = Release|Any CPU
		{EBD8613A-ED59-419F-917B-A328EA77278E}.Debug|Any CPU.ActiveCfg = Debug|Any CPU
		{EBD8613A-ED59-419F-917B-A328EA77278E}.Debug|Any CPU.Build.0 = Debug|Any CPU
		{EBD8613A-ED59-419F-917B-A328EA77278E}.Release|Any CPU.ActiveCfg = Release|Any CPU
		{EBD8613A-ED59-419F-917B-A328EA77278E}.Release|Any CPU.Build.0 = Release|Any CPU
		{5F604C31-E82B-4DB2-9702-B63254289CB7}.Debug|Any CPU.ActiveCfg = Debug|Any CPU
		{5F604C31-E82B-4DB2-9702-B63254289CB7}.Debug|Any CPU.Build.0 = Debug|Any CPU
		{5F604C31-E82B-4DB2-9702-B63254289CB7}.Release|Any CPU.ActiveCfg = Release|Any CPU
		{5F604C31-E82B-4DB2-9702-B63254289CB7}.Release|Any CPU.Build.0 = Release|Any CPU
		{6B920B40-14A1-4F97-A721-AB415159EE06}.Debug|Any CPU.ActiveCfg = Debug|Any CPU
		{6B920B40-14A1-4F97-A721-AB415159EE06}.Debug|Any CPU.Build.0 = Debug|Any CPU
		{6B920B40-14A1-4F97-A721-AB415159EE06}.Release|Any CPU.ActiveCfg = Release|Any CPU
		{6B920B40-14A1-4F97-A721-AB415159EE06}.Release|Any CPU.Build.0 = Release|Any CPU
		{E694A871-7E8A-4074-A725-FD35B6CFA8D1}.Debug|Any CPU.ActiveCfg = Debug|Any CPU
		{E694A871-7E8A-4074-A725-FD35B6CFA8D1}.Debug|Any CPU.Build.0 = Debug|Any CPU
		{E694A871-7E8A-4074-A725-FD35B6CFA8D1}.Release|Any CPU.ActiveCfg = Release|Any CPU
		{E694A871-7E8A-4074-A725-FD35B6CFA8D1}.Release|Any CPU.Build.0 = Release|Any CPU
		{578A88E6-D04D-41A7-9DFA-8C773B113B37}.Debug|Any CPU.ActiveCfg = Debug|Any CPU
		{578A88E6-D04D-41A7-9DFA-8C773B113B37}.Debug|Any CPU.Build.0 = Debug|Any CPU
		{578A88E6-D04D-41A7-9DFA-8C773B113B37}.Release|Any CPU.ActiveCfg = Release|Any CPU
		{578A88E6-D04D-41A7-9DFA-8C773B113B37}.Release|Any CPU.Build.0 = Release|Any CPU
		{6C24F737-BD9F-44D7-B0F7-EB4190B1D1EF}.Debug|Any CPU.ActiveCfg = Debug|Any CPU
		{6C24F737-BD9F-44D7-B0F7-EB4190B1D1EF}.Debug|Any CPU.Build.0 = Debug|Any CPU
		{6C24F737-BD9F-44D7-B0F7-EB4190B1D1EF}.Release|Any CPU.ActiveCfg = Release|Any CPU
		{6C24F737-BD9F-44D7-B0F7-EB4190B1D1EF}.Release|Any CPU.Build.0 = Release|Any CPU
	EndGlobalSection
	GlobalSection(SolutionProperties) = preSolution
		HideSolutionNode = FALSE
	EndGlobalSection
	GlobalSection(NestedProjects) = preSolution
		{267B9F2E-4510-4F62-9291-7173D1ED62CA} = {6FFE8977-CB9A-43B4-BA23-B29A3C456EB1}
		{BC81A57A-55FD-4C23-A671-E17E69BF09E8} = {C6C5AD7C-9233-4BA3-A1D9-CE66F8435BF1}
		{C05B28AD-E83C-4213-9367-37FA0D0C0AF9} = {6FFE8977-CB9A-43B4-BA23-B29A3C456EB1}
		{F144647B-9CC4-48B8-BD1F-09A99491DA83} = {6FFE8977-CB9A-43B4-BA23-B29A3C456EB1}
		{882B8B3D-3FCA-46B8-B3B2-C73DD2911E3C} = {FC9C1097-25A6-4434-9114-FBD1F73D6BAB}
		{844EF35E-2E68-4B2D-B4C3-DC47159CCBEA} = {E8FEB97B-5889-4DC0-AF5B-9C41013812D2}
		{ADD49AF2-B85D-4828-893B-7FDF0CB78ED0} = {FC9C1097-25A6-4434-9114-FBD1F73D6BAB}
		{455018BD-356D-4692-B3D6-03188B11F6BA} = {FC9C1097-25A6-4434-9114-FBD1F73D6BAB}
		{128EDA76-C4DA-4AF8-AE77-5BEEE4D924D7} = {4964EC93-C916-4149-BE37-63E4F9FBE18D}
		{409CFF35-7E3F-4D3E-8513-BECAF284128C} = {6FFE8977-CB9A-43B4-BA23-B29A3C456EB1}
		{43B1FD6D-9D96-4F78-BB19-63BB9534DF9B} = {E8FEB97B-5889-4DC0-AF5B-9C41013812D2}
		{B14FC6D8-8263-42EB-A282-AFF728318081} = {E4E4E6DE-7501-4F76-8C7A-8774190CF466}
		{742CCA35-2578-4DAD-9EDA-A275560973FF} = {E4E4E6DE-7501-4F76-8C7A-8774190CF466}
		{ED66258C-9A53-4A31-BC6A-72D8A2B858B9} = {10BE5296-B0B3-41FD-9BB8-678275BC4953}
		{EBD8613A-ED59-419F-917B-A328EA77278E} = {10BE5296-B0B3-41FD-9BB8-678275BC4953}
		{5F604C31-E82B-4DB2-9702-B63254289CB7} = {CA03430E-D770-4FFE-9E4C-837EA9085769}
		{6B920B40-14A1-4F97-A721-AB415159EE06} = {CA03430E-D770-4FFE-9E4C-837EA9085769}
		{E694A871-7E8A-4074-A725-FD35B6CFA8D1} = {10BE5296-B0B3-41FD-9BB8-678275BC4953}
		{578A88E6-D04D-41A7-9DFA-8C773B113B37} = {FC9C1097-25A6-4434-9114-FBD1F73D6BAB}
		{6C24F737-BD9F-44D7-B0F7-EB4190B1D1EF} = {FC9C1097-25A6-4434-9114-FBD1F73D6BAB}
	EndGlobalSection
EndGlobal
